
Microsoft Visual Studio Solution File, Format Version 12.00
# Visual Studio Version 17
VisualStudioVersion = 17.13.35931.197 d17.13
MinimumVisualStudioVersion = 10.0.40219.1
Project("{FAE04EC0-301F-11D3-BF4B-00C04F79EFBC}") = "Estudo C#", "Estudo C#\Estudo C#.csproj", "{10848A8F-4DB6-4344-85A0-8349340DEEB3}"
EndProject
Global
	GlobalSection(SolutionConfigurationPlatforms) = preSolution
		Debug|Any CPU = Debug|Any CPU
		Release|Any CPU = Release|Any CPU
	EndGlobalSection
	GlobalSection(ProjectConfigurationPlatforms) = postSolution
		{10848A8F-4DB6-4344-85A0-8349340DEEB3}.Debug|Any CPU.ActiveCfg = Debug|Any CPU
		{10848A8F-4DB6-4344-85A0-8349340DEEB3}.Debug|Any CPU.Build.0 = Debug|Any CPU
		{10848A8F-4DB6-4344-85A0-8349340DEEB3}.Release|Any CPU.ActiveCfg = Release|Any CPU
		{10848A8F-4DB6-4344-85A0-8349340DEEB3}.Release|Any CPU.Build.0 = Release|Any CPU
	EndGlobalSection
	GlobalSection(SolutionProperties) = preSolution
		HideSolutionNode = FALSE
	EndGlobalSection
	GlobalSection(ExtensibilityGlobals) = postSolution
		SolutionGuid = {81A2A65A-4110-45FC-81B5-0AD54B8F7C13}
	EndGlobalSection
EndGlobal
